{
  "nodes": {
    "emacs-overlay": {
      "inputs": {
        "flake-utils": [
          "flake-utils"
        ],
        "nixpkgs": [
          "nixpkgs"
        ]
      },
      "locked": {
        "lastModified": 1678270353,
        "narHash": "sha256-Dqj3Hl6Sk7ALW1sLQehFG5DyFe69HJesEtYj93k9f2E=",
        "owner": "nix-community",
        "repo": "emacs-overlay",
        "rev": "5e1a382972d0177733a861a5157ef1cb8d1fff6f",
        "type": "github"
      },
      "original": {
        "owner": "nix-community",
        "repo": "emacs-overlay",
        "type": "github"
      }
    },
    "emacs-upstream": {
      "flake": false,
      "locked": {
        "lastModified": 1678163067,
        "narHash": "sha256-EXsCOsICodFgz+SpKTgXclAwjLxM/khHwr0fbZ1pzlQ=",
        "owner": "yuzukicat",
        "repo": "emacs",
        "rev": "805b5499d077731e752c28f03411714be0eac9d0",
        "type": "github"
      },
      "original": {
        "owner": "yuzukicat",
        "ref": "master",
        "repo": "emacs",
        "type": "github"
      }
    },
    "epkgs-ligature": {
      "flake": false,
      "locked": {
        "lastModified": 1667477036,
        "narHash": "sha256-jaSu5MUvJyqjfzFlUop4DQ31qVHE1RzdtvAGj24V3eY=",
        "owner": "mickeynp",
        "repo": "ligature.el",
        "rev": "3d1460470736777fd8329e4bb4ac359bf4f1460a",
        "type": "github"
      },
      "original": {
        "owner": "mickeynp",
        "repo": "ligature.el",
        "type": "github"
      }
    },
    "epkgs-toggle-one-window": {
      "flake": false,
      "locked": {
        "lastModified": 1635755644,
        "narHash": "sha256-lSPe7hZ05PZj3Yk6yPYhXTyd5bezhvGuq3Vhnf5mHvk=",
        "owner": "manateelazycat",
        "repo": "toggle-one-window",
        "rev": "8ca741ca6be97c6049043aec6cec2e2bfbca5d19",
        "type": "github"
      },
      "original": {
        "owner": "manateelazycat",
        "repo": "toggle-one-window",
        "type": "github"
      }
    },
    "flake-utils": {
      "locked": {
        "lastModified": 1676283394,
        "narHash": "sha256-XX2f9c3iySLCw54rJ/CZs+ZK6IQy7GXNY4nSOyu2QG4=",
        "owner": "numtide",
        "repo": "flake-utils",
        "rev": "3db36a8b464d0c4532ba1c7dda728f4576d6d073",
        "type": "github"
      },
      "original": {
        "owner": "numtide",
        "repo": "flake-utils",
        "type": "github"
      }
    },
    "home-manager": {
      "inputs": {
        "nixpkgs": [
          "nixpkgs"
        ],
        "utils": [
          "flake-utils"
        ]
      },
      "locked": {
        "lastModified": 1678464939,
        "narHash": "sha256-pRMlwOUkO1OwSi7qF6XR/zcocWy/ZYxXgbYWvnZQO9k=",
        "owner": "nix-community",
        "repo": "home-manager",
        "rev": "7224d7c54c5fc74cdf60b208af6148ed3295aa32",
        "type": "github"
      },
      "original": {
        "owner": "nix-community",
        "repo": "home-manager",
        "type": "github"
      }
    },
    "lsp-nil": {
      "inputs": {
        "flake-utils": [
          "flake-utils"
        ],
        "nixpkgs": [
          "nixpkgs"
        ],
        "rust-overlay": [
          "rust-overlay"
        ]
      },
      "locked": {
        "lastModified": 1678547626,
        "narHash": "sha256-aQ0PpPNEBp7gAoRDLgXtuKRDj5RHVaQpZLFsHpzdjE4=",
        "owner": "oxalica",
        "repo": "nil",
        "rev": "2552c08e3967e3a5137d7d3db0af5166877d4630",
        "type": "github"
      },
      "original": {
        "owner": "oxalica",
        "repo": "nil",
        "type": "github"
      }
    },
    "meta-sifive": {
      "flake": false,
      "locked": {
        "lastModified": 1638461064,
        "narHash": "sha256-Toh80cXl+w1QFrbZnCP2Bjg2eN1V8vItACOO7/rWx0k=",
        "owner": "sifive",
        "repo": "meta-sifive",
        "rev": "dc0441b841dba14ead2cba8f6f7c086c11ad89b0",
        "type": "github"
      },
      "original": {
        "owner": "sifive",
        "ref": "2021.11.00",
        "repo": "meta-sifive",
        "type": "github"
      }
    },
    "nix-dram": {
      "inputs": {
        "flake-utils": [
          "flake-utils"
        ],
        "nixpkgs": [
          "nixpkgs"
        ]
      },
      "locked": {
        "lastModified": 1678026469,
        "narHash": "sha256-NiagrHSa9PnmTJL46jDRnuSsoaeYRTe0uxPQ+maWr/A=",
        "owner": "dramforever",
        "repo": "nix-dram",
        "rev": "d2ff3a62be988ec5d676a25bd0e7053c3c3193ac",
        "type": "github"
      },
      "original": {
        "owner": "dramforever",
        "repo": "nix-dram",
        "type": "github"
      }
    },
    "nixpkgs": {
      "locked": {
        "lastModified": 1678470307,
        "narHash": "sha256-OEeMUr3ueLIXyW/OaFUX5jUdimyQwMg/7e+/Q0gC/QE=",
        "owner": "NixOS",
        "repo": "nixpkgs",
        "rev": "0c4800d579af4ed98ecc47d464a5e7b0870c4b1f",
        "type": "github"
      },
      "original": {
        "owner": "NixOS",
        "ref": "nixos-unstable",
        "repo": "nixpkgs",
        "type": "github"
      }
    },
    "nixpkgs-stable": {
      "locked": {
        "lastModified": 1678426640,
        "narHash": "sha256-3Q4KN0XAXQT7YE3A8n3LzLtRNUCo0U++W3gl+5NhKHs=",
        "owner": "NixOS",
        "repo": "nixpkgs",
        "rev": "824f886682fc893e6dbf27114e5001ebf2770ea1",
        "type": "github"
      },
      "original": {
        "owner": "NixOS",
        "ref": "nixos-22.11",
        "repo": "nixpkgs",
        "type": "github"
      }
    },
    "nixpkgs-unmatched": {
      "locked": {
        "lastModified": 1640713360,
        "narHash": "sha256-MzrVpY1CvK5N60fW3ShYr/P7Gn2yxCBqlSLRJKjwAqs=",
        "owner": "oxalica",
        "repo": "nixpkgs",
        "rev": "68ffecb7b9ed47985dab86a7d7563ffb3f2a9155",
        "type": "github"
      },
      "original": {
        "owner": "oxalica",
        "ref": "test/unmatched",
        "repo": "nixpkgs",
        "type": "github"
      }
    },
    "nocargo": {
      "inputs": {
        "flake-utils": [
          "flake-utils"
        ],
        "nixpkgs": [
          "nixpkgs"
        ],
        "registry-crates-io": "registry-crates-io"
      },
      "locked": {
        "lastModified": 1675415166,
        "narHash": "sha256-1clfHe3aVYpLik/YKnx8Yc5Z0ri6QdpeXxm4F5I5aJs=",
        "owner": "oxalica",
        "repo": "nocargo",
        "rev": "43c6f9e71372283285c11eaaa79905570a65f1cc",
        "type": "github"
      },
      "original": {
        "owner": "oxalica",
        "repo": "nocargo",
        "type": "github"
      }
    },
    "plasma-manager": {
      "inputs": {
        "home-manager": [
          "home-manager"
        ],
        "nixpkgs": [
          "nixpkgs"
        ]
      },
      "locked": {
        "lastModified": 1664383871,
        "narHash": "sha256-dOnnzfqd/PCf1K3USKq2PqSGKmIqkr/SD7zHb1yoAyw=",
        "owner": "pjones",
        "repo": "plasma-manager",
        "rev": "16c437e43a0e049b15c9bfd37295f6e978ea9955",
        "type": "github"
      },
      "original": {
        "owner": "pjones",
        "repo": "plasma-manager",
        "type": "github"
      }
    },
    "registry-crates-io": {
      "flake": false,
      "locked": {
        "lastModified": 1664219937,
        "narHash": "sha256-ys/nswnAXBxMIbaWGKAWe5bG6PoNNqDEhFHwNaBOfPI=",
        "owner": "rust-lang",
        "repo": "crates.io-index",
        "rev": "137ad8a5c700f01a0bbd90a9c62191c0decd0654",
        "type": "github"
      },
      "original": {
        "owner": "rust-lang",
        "repo": "crates.io-index",
        "type": "github"
      }
    },
    "root": {
      "inputs": {
        "emacs-overlay": "emacs-overlay",
        "emacs-upstream": "emacs-upstream",
        "epkgs-ligature": "epkgs-ligature",
        "epkgs-toggle-one-window": "epkgs-toggle-one-window",
        "flake-utils": "flake-utils",
        "home-manager": "home-manager",
        "lsp-nil": "lsp-nil",
        "meta-sifive": "meta-sifive",
        "nix-dram": "nix-dram",
        "nixpkgs": "nixpkgs",
        "nixpkgs-stable": "nixpkgs-stable",
        "nixpkgs-unmatched": "nixpkgs-unmatched",
        "nocargo": "nocargo",
        "plasma-manager": "plasma-manager",
        "rust-overlay": "rust-overlay",
        "sops-nix": "sops-nix",
        "tree-sitter-nix-oxa": "tree-sitter-nix-oxa"
      }
    },
    "rust-overlay": {
      "inputs": {
        "flake-utils": [
          "flake-utils"
        ],
        "nixpkgs": [
          "nixpkgs"
        ]
      },
      "locked": {
        "lastModified": 1678501303,
        "narHash": "sha256-92s2NOlcvydz0Cxi1OOq/bs7SQc38TaqzuzdHsRANhA=",
        "owner": "oxalica",
        "repo": "rust-overlay",
        "rev": "1c8200cdc4c830d937fbf8b19e1f3e83daf3370a",
        "type": "github"
      },
      "original": {
        "owner": "oxalica",
        "repo": "rust-overlay",
        "type": "github"
      }
    },
    "sops-nix": {
      "inputs": {
        "nixpkgs": [
          "nixpkgs"
        ],
        "nixpkgs-stable": [
          "nixpkgs-stable"
        ]
      },
      "locked": {
        "lastModified": 1678440572,
        "narHash": "sha256-zfL09Yy6H7QQwfacCPL0gOfWpVkTbE5jXJh5oZmGf8g=",
        "owner": "Mic92",
        "repo": "sops-nix",
        "rev": "1568702de0d2488c1e77011a9044de7fadec80c4",
        "type": "github"
      },
      "original": {
        "owner": "Mic92",
        "repo": "sops-nix",
        "type": "github"
      }
    },
    "tree-sitter-nix-oxa": {
      "flake": false,
      "locked": {
        "lastModified": 1639068943,
        "narHash": "sha256-x2Kq7t0p5AOKIHtEUHMIC6emZNoF9GE2FdKbjEfUp0E=",
        "owner": "oxalica",
        "repo": "tree-sitter-nix",
        "rev": "add8eb3050a0974c1854df419c192fa4f359bcb0",
        "type": "github"
      },
      "original": {
        "owner": "oxalica",
        "repo": "tree-sitter-nix",
        "type": "github"
      }
    }
  },
  "root": "root",
  "version": 7
}
