{
  "nodes": {
    "emacs-overlay": {
      "inputs": {
        "flake-utils": [
          "flake-utils"
        ],
        "nixpkgs": [
          "nixpkgs"
        ]
      },
      "locked": {
        "lastModified": 1677982047,
        "narHash": "sha256-tGHMMtzSU1LQFu1OzmEUoJP2GtW7Hqblw/giZ3DQExI=",
        "owner": "nix-community",
        "repo": "emacs-overlay",
        "rev": "d1209ac71b498d0924bdc57ac6f243b51a572f35",
        "type": "github"
      },
      "original": {
        "owner": "nix-community",
        "repo": "emacs-overlay",
        "type": "github"
      }
    },
    "epkgs-exwm-ns": {
      "flake": false,
      "locked": {
        "lastModified": 1604918985,
        "narHash": "sha256-QZCEcpqWZgjppp/P48+DtC4XoR/4UAlXXxJA5FYLoLI=",
        "owner": "timor",
        "repo": "exwm-ns",
        "rev": "0230bb989d5c4c2d5474c35ba77882b65dc19bd9",
        "type": "github"
      },
      "original": {
        "owner": "timor",
        "repo": "exwm-ns",
        "type": "github"
      }
    },
    "epkgs-ligature": {
      "flake": false,
      "locked": {
        "lastModified": 1667477036,
        "narHash": "sha256-jaSu5MUvJyqjfzFlUop4DQ31qVHE1RzdtvAGj24V3eY=",
        "owner": "mickeynp",
        "repo": "ligature.el",
        "rev": "3d1460470736777fd8329e4bb4ac359bf4f1460a",
        "type": "github"
      },
      "original": {
        "owner": "mickeynp",
        "repo": "ligature.el",
        "type": "github"
      }
    },
    "epkgs-toggle-one-window": {
      "flake": false,
      "locked": {
        "lastModified": 1635755644,
        "narHash": "sha256-lSPe7hZ05PZj3Yk6yPYhXTyd5bezhvGuq3Vhnf5mHvk=",
        "owner": "manateelazycat",
        "repo": "toggle-one-window",
        "rev": "8ca741ca6be97c6049043aec6cec2e2bfbca5d19",
        "type": "github"
      },
      "original": {
        "owner": "manateelazycat",
        "repo": "toggle-one-window",
        "type": "github"
      }
    },
    "flake-utils": {
      "locked": {
        "lastModified": 1676283394,
        "narHash": "sha256-XX2f9c3iySLCw54rJ/CZs+ZK6IQy7GXNY4nSOyu2QG4=",
        "owner": "numtide",
        "repo": "flake-utils",
        "rev": "3db36a8b464d0c4532ba1c7dda728f4576d6d073",
        "type": "github"
      },
      "original": {
        "owner": "numtide",
        "repo": "flake-utils",
        "type": "github"
      }
    },
    "home-manager": {
      "inputs": {
        "nixpkgs": [
          "nixpkgs"
        ],
        "utils": [
          "flake-utils"
        ]
      },
      "locked": {
        "lastModified": 1677783711,
        "narHash": "sha256-eq5mOVk3gv5HITtLhPjKwi8bFnOaQplA3X0WFgHnmxE=",
        "owner": "nix-community",
        "repo": "home-manager",
        "rev": "b9e3a29864798d55ec1d6579ab97876bb1ee9664",
        "type": "github"
      },
      "original": {
        "owner": "nix-community",
        "repo": "home-manager",
        "type": "github"
      }
    },
    "lsp-nil": {
      "inputs": {
        "flake-utils": [
          "flake-utils"
        ],
        "nixpkgs": [
          "nixpkgs"
        ],
        "rust-overlay": [
          "rust-overlay"
        ]
      },
      "locked": {
        "lastModified": 1677968357,
        "narHash": "sha256-IUhVAgLyx1Cnhy64xeX2AQlpTUf+ADLBxhQv+FtPiUI=",
        "owner": "oxalica",
        "repo": "nil",
        "rev": "bb9a748cce2a9be973178c6217f2f22baf015e11",
        "type": "github"
      },
      "original": {
        "owner": "oxalica",
        "repo": "nil",
        "type": "github"
      }
    },
    "meta-sifive": {
      "flake": false,
      "locked": {
        "lastModified": 1638461064,
        "narHash": "sha256-Toh80cXl+w1QFrbZnCP2Bjg2eN1V8vItACOO7/rWx0k=",
        "owner": "sifive",
        "repo": "meta-sifive",
        "rev": "dc0441b841dba14ead2cba8f6f7c086c11ad89b0",
        "type": "github"
      },
      "original": {
        "owner": "sifive",
        "ref": "2021.11.00",
        "repo": "meta-sifive",
        "type": "github"
      }
    },
    "nix-dram": {
      "inputs": {
        "flake-utils": [
          "flake-utils"
        ],
        "nixpkgs": [
          "nixpkgs"
        ]
      },
      "locked": {
        "lastModified": 1677994144,
        "narHash": "sha256-baCAHyj6sk2xCwuR5w5gWYWgzJg6zUKGG20CzfWKZVA=",
        "owner": "dramforever",
        "repo": "nix-dram",
        "rev": "e1372778e31367f114d13620337dc6fd378e53c1",
        "type": "github"
      },
      "original": {
        "owner": "dramforever",
        "repo": "nix-dram",
        "type": "github"
      }
    },
    "nixpkgs": {
      "locked": {
        "lastModified": 1677932085,
        "narHash": "sha256-+AB4dYllWig8iO6vAiGGYl0NEgmMgGHpy9gzWJ3322g=",
        "owner": "NixOS",
        "repo": "nixpkgs",
        "rev": "3c5319ad3aa51551182ac82ea17ab1c6b0f0df89",
        "type": "github"
      },
      "original": {
        "owner": "NixOS",
        "ref": "nixos-unstable",
        "repo": "nixpkgs",
        "type": "github"
      }
    },
    "nixpkgs-plasma-5-27": {
      "locked": {
        "lastModified": 1676373744,
        "narHash": "sha256-Nla/NoATvNGaasVsRe80DnNjCP/KvSvtWkm6A20xFAU=",
        "owner": "NixOS",
        "repo": "nixpkgs",
        "rev": "a217df51cf3d4a6dba245eba903f1b5604ca30a1",
        "type": "github"
      },
      "original": {
        "owner": "NixOS",
        "ref": "pull/211767/head",
        "repo": "nixpkgs",
        "type": "github"
      }
    },
    "nixpkgs-stable": {
      "locked": {
        "lastModified": 1677779205,
        "narHash": "sha256-6DBjL9wjq86p2GczmwnHtFRnWPBPItc67gapWENBgX8=",
        "owner": "NixOS",
        "repo": "nixpkgs",
        "rev": "96e18717904dfedcd884541e5a92bf9ff632cf39",
        "type": "github"
      },
      "original": {
        "owner": "NixOS",
        "ref": "nixos-22.11",
        "repo": "nixpkgs",
        "type": "github"
      }
    },
    "nixpkgs-unmatched": {
      "locked": {
        "lastModified": 1640713360,
        "narHash": "sha256-MzrVpY1CvK5N60fW3ShYr/P7Gn2yxCBqlSLRJKjwAqs=",
        "owner": "oxalica",
        "repo": "nixpkgs",
        "rev": "68ffecb7b9ed47985dab86a7d7563ffb3f2a9155",
        "type": "github"
      },
      "original": {
        "owner": "oxalica",
        "ref": "test/unmatched",
        "repo": "nixpkgs",
        "type": "github"
      }
    },
    "nocargo": {
      "inputs": {
        "flake-utils": [
          "flake-utils"
        ],
        "nixpkgs": [
          "nixpkgs"
        ],
        "registry-crates-io": "registry-crates-io"
      },
      "locked": {
        "lastModified": 1675415166,
        "narHash": "sha256-1clfHe3aVYpLik/YKnx8Yc5Z0ri6QdpeXxm4F5I5aJs=",
        "owner": "oxalica",
        "repo": "nocargo",
        "rev": "43c6f9e71372283285c11eaaa79905570a65f1cc",
        "type": "github"
      },
      "original": {
        "owner": "oxalica",
        "repo": "nocargo",
        "type": "github"
      }
    },
    "plasma-manager": {
      "inputs": {
        "home-manager": [
          "home-manager"
        ],
        "nixpkgs": [
          "nixpkgs"
        ]
      },
      "locked": {
        "lastModified": 1664383871,
        "narHash": "sha256-dOnnzfqd/PCf1K3USKq2PqSGKmIqkr/SD7zHb1yoAyw=",
        "owner": "pjones",
        "repo": "plasma-manager",
        "rev": "16c437e43a0e049b15c9bfd37295f6e978ea9955",
        "type": "github"
      },
      "original": {
        "owner": "pjones",
        "repo": "plasma-manager",
        "type": "github"
      }
    },
    "registry-crates-io": {
      "flake": false,
      "locked": {
        "lastModified": 1664219937,
        "narHash": "sha256-ys/nswnAXBxMIbaWGKAWe5bG6PoNNqDEhFHwNaBOfPI=",
        "owner": "rust-lang",
        "repo": "crates.io-index",
        "rev": "137ad8a5c700f01a0bbd90a9c62191c0decd0654",
        "type": "github"
      },
      "original": {
        "owner": "rust-lang",
        "repo": "crates.io-index",
        "type": "github"
      }
    },
    "root": {
      "inputs": {
        "emacs-overlay": "emacs-overlay",
        "epkgs-exwm-ns": "epkgs-exwm-ns",
        "epkgs-ligature": "epkgs-ligature",
        "epkgs-toggle-one-window": "epkgs-toggle-one-window",
        "flake-utils": "flake-utils",
        "home-manager": "home-manager",
        "lsp-nil": "lsp-nil",
        "meta-sifive": "meta-sifive",
        "nix-dram": "nix-dram",
        "nixpkgs": "nixpkgs",
        "nixpkgs-plasma-5-27": "nixpkgs-plasma-5-27",
        "nixpkgs-stable": "nixpkgs-stable",
        "nixpkgs-unmatched": "nixpkgs-unmatched",
        "nocargo": "nocargo",
        "plasma-manager": "plasma-manager",
        "rust-overlay": "rust-overlay",
        "sops-nix": "sops-nix",
        "tree-sitter-nix-oxa": "tree-sitter-nix-oxa"
      }
    },
    "rust-overlay": {
      "inputs": {
        "flake-utils": [
          "flake-utils"
        ],
        "nixpkgs": [
          "nixpkgs"
        ]
      },
      "locked": {
        "lastModified": 1677983714,
        "narHash": "sha256-2A5uDpF0vN4w9tvo5N+918bK0yRYfg4FdNZ/qccgH6s=",
        "owner": "oxalica",
        "repo": "rust-overlay",
        "rev": "1a9f6285d441ff438a6a1422dc3fde109d8615bf",
        "type": "github"
      },
      "original": {
        "owner": "oxalica",
        "repo": "rust-overlay",
        "type": "github"
      }
    },
    "sops-nix": {
      "inputs": {
        "nixpkgs": [
          "nixpkgs"
        ],
        "nixpkgs-stable": [
          "nixpkgs-stable"
        ]
      },
      "locked": {
        "lastModified": 1677987270,
        "narHash": "sha256-NRqhY8jbrmP1C6oiVqv1T0T1r560eo4ZpmEdHoQmKj4=",
        "owner": "Mic92",
        "repo": "sops-nix",
        "rev": "7cff56b43952edc5a2c212076d5fc922f764240f",
        "type": "github"
      },
      "original": {
        "owner": "Mic92",
        "repo": "sops-nix",
        "type": "github"
      }
    },
    "tree-sitter-nix-oxa": {
      "flake": false,
      "locked": {
        "lastModified": 1639068943,
        "narHash": "sha256-x2Kq7t0p5AOKIHtEUHMIC6emZNoF9GE2FdKbjEfUp0E=",
        "owner": "oxalica",
        "repo": "tree-sitter-nix",
        "rev": "add8eb3050a0974c1854df419c192fa4f359bcb0",
        "type": "github"
      },
      "original": {
        "owner": "oxalica",
        "repo": "tree-sitter-nix",
        "type": "github"
      }
    }
  },
  "root": "root",
  "version": 7
}
